
Microsoft Visual Studio Solution File, Format Version 12.00
# Visual Studio 15
VisualStudioVersion = 15.0.26124.0
MinimumVisualStudioVersion = 15.0.26124.0
Project("{2150E333-8FDC-42A3-9474-1A3956D46DE8}") = "src", "src", "{4ADCC048-DA92-458C-A109-990A012C7135}"
EndProject
Project("{FAE04EC0-301F-11D3-BF4B-00C04F79EFBC}") = "CityManager.Api", "src\CityManager.Api\CityManager.Api.csproj", "{98A40DF9-1CB0-4AE3-8C3D-7D6774BF197A}"
EndProject
Project("{FAE04EC0-301F-11D3-BF4B-00C04F79EFBC}") = "CityManager.Data", "src\CityManager.Data\CityManager.Data.csproj", "{2AD8DF3D-824B-43E4-99CC-9ECCF9EA9785}"
EndProject
Project("{FAE04EC0-301F-11D3-BF4B-00C04F79EFBC}") = "CityManager.Domain", "src\CityManager.Domain\CityManager.Domain.csproj", "{1C0E528B-A9D5-45F0-AE02-A2EF61C8B95D}"
EndProject
Global
	GlobalSection(SolutionConfigurationPlatforms) = preSolution
		Debug|Any CPU = Debug|Any CPU
		Debug|x64 = Debug|x64
		Debug|x86 = Debug|x86
		Release|Any CPU = Release|Any CPU
		Release|x64 = Release|x64
		Release|x86 = Release|x86
	EndGlobalSection
	GlobalSection(SolutionProperties) = preSolution
		HideSolutionNode = FALSE
	EndGlobalSection
	GlobalSection(ProjectConfigurationPlatforms) = postSolution
		{98A40DF9-1CB0-4AE3-8C3D-7D6774BF197A}.Debug|Any CPU.ActiveCfg = Debug|Any CPU
		{98A40DF9-1CB0-4AE3-8C3D-7D6774BF197A}.Debug|Any CPU.Build.0 = Debug|Any CPU
		{98A40DF9-1CB0-4AE3-8C3D-7D6774BF197A}.Debug|x64.ActiveCfg = Debug|Any CPU
		{98A40DF9-1CB0-4AE3-8C3D-7D6774BF197A}.Debug|x64.Build.0 = Debug|Any CPU
		{98A40DF9-1CB0-4AE3-8C3D-7D6774BF197A}.Debug|x86.ActiveCfg = Debug|Any CPU
		{98A40DF9-1CB0-4AE3-8C3D-7D6774BF197A}.Debug|x86.Build.0 = Debug|Any CPU
		{98A40DF9-1CB0-4AE3-8C3D-7D6774BF197A}.Release|Any CPU.ActiveCfg = Release|Any CPU
		{98A40DF9-1CB0-4AE3-8C3D-7D6774BF197A}.Release|Any CPU.Build.0 = Release|Any CPU
		{98A40DF9-1CB0-4AE3-8C3D-7D6774BF197A}.Release|x64.ActiveCfg = Release|Any CPU
		{98A40DF9-1CB0-4AE3-8C3D-7D6774BF197A}.Release|x64.Build.0 = Release|Any CPU
		{98A40DF9-1CB0-4AE3-8C3D-7D6774BF197A}.Release|x86.ActiveCfg = Release|Any CPU
		{98A40DF9-1CB0-4AE3-8C3D-7D6774BF197A}.Release|x86.Build.0 = Release|Any CPU
		{2AD8DF3D-824B-43E4-99CC-9ECCF9EA9785}.Debug|Any CPU.ActiveCfg = Debug|Any CPU
		{2AD8DF3D-824B-43E4-99CC-9ECCF9EA9785}.Debug|Any CPU.Build.0 = Debug|Any CPU
		{2AD8DF3D-824B-43E4-99CC-9ECCF9EA9785}.Debug|x64.ActiveCfg = Debug|Any CPU
		{2AD8DF3D-824B-43E4-99CC-9ECCF9EA9785}.Debug|x64.Build.0 = Debug|Any CPU
		{2AD8DF3D-824B-43E4-99CC-9ECCF9EA9785}.Debug|x86.ActiveCfg = Debug|Any CPU
		{2AD8DF3D-824B-43E4-99CC-9ECCF9EA9785}.Debug|x86.Build.0 = Debug|Any CPU
		{2AD8DF3D-824B-43E4-99CC-9ECCF9EA9785}.Release|Any CPU.ActiveCfg = Release|Any CPU
		{2AD8DF3D-824B-43E4-99CC-9ECCF9EA9785}.Release|Any CPU.Build.0 = Release|Any CPU
		{2AD8DF3D-824B-43E4-99CC-9ECCF9EA9785}.Release|x64.ActiveCfg = Release|Any CPU
		{2AD8DF3D-824B-43E4-99CC-9ECCF9EA9785}.Release|x64.Build.0 = Release|Any CPU
		{2AD8DF3D-824B-43E4-99CC-9ECCF9EA9785}.Release|x86.ActiveCfg = Release|Any CPU
		{2AD8DF3D-824B-43E4-99CC-9ECCF9EA9785}.Release|x86.Build.0 = Release|Any CPU
		{1C0E528B-A9D5-45F0-AE02-A2EF61C8B95D}.Debug|Any CPU.ActiveCfg = Debug|Any CPU
		{1C0E528B-A9D5-45F0-AE02-A2EF61C8B95D}.Debug|Any CPU.Build.0 = Debug|Any CPU
		{1C0E528B-A9D5-45F0-AE02-A2EF61C8B95D}.Debug|x64.ActiveCfg = Debug|Any CPU
		{1C0E528B-A9D5-45F0-AE02-A2EF61C8B95D}.Debug|x64.Build.0 = Debug|Any CPU
		{1C0E528B-A9D5-45F0-AE02-A2EF61C8B95D}.Debug|x86.ActiveCfg = Debug|Any CPU
		{1C0E528B-A9D5-45F0-AE02-A2EF61C8B95D}.Debug|x86.Build.0 = Debug|Any CPU
		{1C0E528B-A9D5-45F0-AE02-A2EF61C8B95D}.Release|Any CPU.ActiveCfg = Release|Any CPU
		{1C0E528B-A9D5-45F0-AE02-A2EF61C8B95D}.Release|Any CPU.Build.0 = Release|Any CPU
		{1C0E528B-A9D5-45F0-AE02-A2EF61C8B95D}.Release|x64.ActiveCfg = Release|Any CPU
		{1C0E528B-A9D5-45F0-AE02-A2EF61C8B95D}.Release|x64.Build.0 = Release|Any CPU
		{1C0E528B-A9D5-45F0-AE02-A2EF61C8B95D}.Release|x86.ActiveCfg = Release|Any CPU
		{1C0E528B-A9D5-45F0-AE02-A2EF61C8B95D}.Release|x86.Build.0 = Release|Any CPU
	EndGlobalSection
	GlobalSection(NestedProjects) = preSolution
		{98A40DF9-1CB0-4AE3-8C3D-7D6774BF197A} = {4ADCC048-DA92-458C-A109-990A012C7135}
		{2AD8DF3D-824B-43E4-99CC-9ECCF9EA9785} = {4ADCC048-DA92-458C-A109-990A012C7135}
		{1C0E528B-A9D5-45F0-AE02-A2EF61C8B95D} = {4ADCC048-DA92-458C-A109-990A012C7135}
	EndGlobalSection
EndGlobal
